
Microsoft Visual Studio Solution File, Format Version 12.00
# Visual Studio Version 16
VisualStudioVersion = 16.0.30907.101
MinimumVisualStudioVersion = 10.0.40219.1
Project("{FAE04EC0-301F-11D3-BF4B-00C04F79EFBC}") = "Design Engine Work Flow", "Design Engine Work Flow\Design Engine Work Flow.csproj", "{189BD22F-DB7E-49B4-9E0D-7E12BF90DB40}"
EndProject
Global
	GlobalSection(SolutionConfigurationPlatforms) = preSolution
		Debug|Any CPU = Debug|Any CPU
		Release|Any CPU = Release|Any CPU
	EndGlobalSection
	GlobalSection(ProjectConfigurationPlatforms) = postSolution
		{189BD22F-DB7E-49B4-9E0D-7E12BF90DB40}.Debug|Any CPU.ActiveCfg = Debug|Any CPU
		{189BD22F-DB7E-49B4-9E0D-7E12BF90DB40}.Debug|Any CPU.Build.0 = Debug|Any CPU
		{189BD22F-DB7E-49B4-9E0D-7E12BF90DB40}.Release|Any CPU.ActiveCfg = Release|Any CPU
		{189BD22F-DB7E-49B4-9E0D-7E12BF90DB40}.Release|Any CPU.Build.0 = Release|Any CPU
	EndGlobalSection
	GlobalSection(SolutionProperties) = preSolution
		HideSolutionNode = FALSE
	EndGlobalSection
	GlobalSection(ExtensibilityGlobals) = postSolution
		SolutionGuid = {7140929F-DC30-4694-BED2-55618E2D6BBD}
	EndGlobalSection
EndGlobal
